{
  "requires": true,
  "lockfileVersion": 1,
  "dependencies": {
    "customized-errors": {
      "version": "1.0.0",
      "resolved": "https://registry.npmjs.org/customized-errors/-/customized-errors-1.0.0.tgz",
      "integrity": "sha512-NmSjYcSV8uGpCWuE8/p4jj+Jm68X1hcuASaJtdLrh2wnk/rjepmHx/KV/gokQaOnLTq8xyXvNZ4Kd3k1pvdQ/w==",
      "requires": {
        "statuses": "^1.5.0"
      },
      "dependencies": {
        "statuses": {
          "version": "1.5.0",
          "resolved": "https://registry.npmjs.org/statuses/-/statuses-1.5.0.tgz",
          "integrity": "sha1-Fhx9rBd2Wf2YEfQ3cfqZOBR4Yow="
        }
      }
    }
  }
}
